
Microsoft Visual Studio Solution File, Format Version 12.00
# Visual Studio Version 17
VisualStudioVersion = 17.3.32825.248
MinimumVisualStudioVersion = 10.0.40219.1
Project("{FAE04EC0-301F-11D3-BF4B-00C04F79EFBC}") = "Week9Lists", "Week9Lists\Week9Lists.csproj", "{713092A3-C2DD-4159-9356-A4DC21C016B4}"
EndProject
Global
	GlobalSection(SolutionConfigurationPlatforms) = preSolution
		Debug|Any CPU = Debug|Any CPU
		Release|Any CPU = Release|Any CPU
	EndGlobalSection
	GlobalSection(ProjectConfigurationPlatforms) = postSolution
		{713092A3-C2DD-4159-9356-A4DC21C016B4}.Debug|Any CPU.ActiveCfg = Debug|Any CPU
		{713092A3-C2DD-4159-9356-A4DC21C016B4}.Debug|Any CPU.Build.0 = Debug|Any CPU
		{713092A3-C2DD-4159-9356-A4DC21C016B4}.Release|Any CPU.ActiveCfg = Release|Any CPU
		{713092A3-C2DD-4159-9356-A4DC21C016B4}.Release|Any CPU.Build.0 = Release|Any CPU
	EndGlobalSection
	GlobalSection(SolutionProperties) = preSolution
		HideSolutionNode = FALSE
	EndGlobalSection
	GlobalSection(ExtensibilityGlobals) = postSolution
		SolutionGuid = {E1CDE9CE-25BE-411F-8918-C113186B5AF1}
	EndGlobalSection
EndGlobal
